
Microsoft Visual Studio Solution File, Format Version 12.00
# Visual Studio Version 16
VisualStudioVersion = 16.0.31515.178
MinimumVisualStudioVersion = 10.0.40219.1
Project("{FAE04EC0-301F-11D3-BF4B-00C04F79EFBC}") = "LoginValidation", "LoginValidation.csproj", "{76727B1C-BC3F-401D-88D4-902062C91B76}"
EndProject
Global
	GlobalSection(SolutionConfigurationPlatforms) = preSolution
		Debug|Any CPU = Debug|Any CPU
		Release|Any CPU = Release|Any CPU
	EndGlobalSection
	GlobalSection(ProjectConfigurationPlatforms) = postSolution
		{76727B1C-BC3F-401D-88D4-902062C91B76}.Debug|Any CPU.ActiveCfg = Debug|Any CPU
		{76727B1C-BC3F-401D-88D4-902062C91B76}.Debug|Any CPU.Build.0 = Debug|Any CPU
		{76727B1C-BC3F-401D-88D4-902062C91B76}.Release|Any CPU.ActiveCfg = Release|Any CPU
		{76727B1C-BC3F-401D-88D4-902062C91B76}.Release|Any CPU.Build.0 = Release|Any CPU
	EndGlobalSection
	GlobalSection(SolutionProperties) = preSolution
		HideSolutionNode = FALSE
	EndGlobalSection
	GlobalSection(ExtensibilityGlobals) = postSolution
		SolutionGuid = {AC8D9316-4B75-4018-BFC6-7465DB4720CF}
	EndGlobalSection
EndGlobal
